// !$*UTF8*$!
{
	archiveVersion = 1;
	classes = {
	};
	objectVersion = 50;
	objects = {

/* Begin PBXBuildFile section */
		6BFBF9D22315BD0400373913 /* AppDelegate.swift in Sources */ = {isa = PBXBuildFile; fileRef = 6BFBF9D12315BD0400373913 /* AppDelegate.swift */; };
		6BFBF9D42315BD0400373913 /* SceneDelegate.swift in Sources */ = {isa = PBXBuildFile; fileRef = 6BFBF9D32315BD0400373913 /* SceneDelegate.swift */; };
		6BFBF9D62315BD0400373913 /* ContentView.swift in Sources */ = {isa = PBXBuildFile; fileRef = 6BFBF9D52315BD0400373913 /* ContentView.swift */; };
		6BFBF9D82315BD0600373913 /* Assets.xcassets in Resources */ = {isa = PBXBuildFile; fileRef = 6BFBF9D72315BD0600373913 /* Assets.xcassets */; };
		6BFBF9DB2315BD0600373913 /* Preview Assets.xcassets in Resources */ = {isa = PBXBuildFile; fileRef = 6BFBF9DA2315BD0600373913 /* Preview Assets.xcassets */; };
		6BFBF9DE2315BD0600373913 /* LaunchScreen.storyboard in Resources */ = {isa = PBXBuildFile; fileRef = 6BFBF9DC2315BD0600373913 /* LaunchScreen.storyboard */; };
		6BFBF9E92315BD0600373913 /* osa_trackerTests.swift in Sources */ = {isa = PBXBuildFile; fileRef = 6BFBF9E82315BD0600373913 /* osa_trackerTests.swift */; };
		6BFBF9F42315BD0600373913 /* osa_trackerUITests.swift in Sources */ = {isa = PBXBuildFile; fileRef = 6BFBF9F32315BD0600373913 /* osa_trackerUITests.swift */; };
/* End PBXBuildFile section */

/* Begin PBXContainerItemProxy section */
		6BFBF9E52315BD0600373913 /* PBXContainerItemProxy */ = {
			isa = PBXContainerItemProxy;
			containerPortal = 6BFBF9C62315BD0400373913 /* Project object */;
			proxyType = 1;
			remoteGlobalIDString = 6BFBF9CD2315BD0400373913;
			remoteInfo = osa_tracker;
		};
		6BFBF9F02315BD0600373913 /* PBXContainerItemProxy */ = {
			isa = PBXContainerItemProxy;
			containerPortal = 6BFBF9C62315BD0400373913 /* Project object */;
			proxyType = 1;
			remoteGlobalIDString = 6BFBF9CD2315BD0400373913;
			remoteInfo = osa_tracker;
		};
/* End PBXContainerItemProxy section */

/* Begin PBXFileReference section */
		6BFBF9CE2315BD0400373913 /* osa_tracker.app */ = {isa = PBXFileReference; explicitFileType = wrapper.application; includeInIndex = 0; path = osa_tracker.app; sourceTree = BUILT_PRODUCTS_DIR; };
		6BFBF9D12315BD0400373913 /* AppDelegate.swift */ = {isa = PBXFileReference; lastKnownFileType = sourcecode.swift; path = AppDelegate.swift; sourceTree = "<group>"; };
		6BFBF9D32315BD0400373913 /* SceneDelegate.swift */ = {isa = PBXFileReference; lastKnownFileType = sourcecode.swift; path = SceneDelegate.swift; sourceTree = "<group>"; };
		6BFBF9D52315BD0400373913 /* ContentView.swift */ = {isa = PBXFileReference; lastKnownFileType = sourcecode.swift; path = ContentView.swift; sourceTree = "<group>"; };
		6BFBF9D72315BD0600373913 /* Assets.xcassets */ = {isa = PBXFileReference; lastKnownFileType = folder.assetcatalog; path = Assets.xcassets; sourceTree = "<group>"; };
		6BFBF9DA2315BD0600373913 /* Preview Assets.xcassets */ = {isa = PBXFileReference; lastKnownFileType = folder.assetcatalog; path = "Preview Assets.xcassets"; sourceTree = "<group>"; };
		6BFBF9DD2315BD0600373913 /* Base */ = {isa = PBXFileReference; lastKnownFileType = file.storyboard; name = Base; path = Base.lproj/LaunchScreen.storyboard; sourceTree = "<group>"; };
		6BFBF9DF2315BD0600373913 /* Info.plist */ = {isa = PBXFileReference; lastKnownFileType = text.plist.xml; path = Info.plist; sourceTree = "<group>"; };
		6BFBF9E42315BD0600373913 /* osa_trackerTests.xctest */ = {isa = PBXFileReference; explicitFileType = wrapper.cfbundle; includeInIndex = 0; path = osa_trackerTests.xctest; sourceTree = BUILT_PRODUCTS_DIR; };
		6BFBF9E82315BD0600373913 /* osa_trackerTests.swift */ = {isa = PBXFileReference; lastKnownFileType = sourcecode.swift; path = osa_trackerTests.swift; sourceTree = "<group>"; };
		6BFBF9EA2315BD0600373913 /* Info.plist */ = {isa = PBXFileReference; lastKnownFileType = text.plist.xml; path = Info.plist; sourceTree = "<group>"; };
		6BFBF9EF2315BD0600373913 /* osa_trackerUITests.xctest */ = {isa = PBXFileReference; explicitFileType = wrapper.cfbundle; includeInIndex = 0; path = osa_trackerUITests.xctest; sourceTree = BUILT_PRODUCTS_DIR; };
		6BFBF9F32315BD0600373913 /* osa_trackerUITests.swift */ = {isa = PBXFileReference; lastKnownFileType = sourcecode.swift; path = osa_trackerUITests.swift; sourceTree = "<group>"; };
		6BFBF9F52315BD0600373913 /* Info.plist */ = {isa = PBXFileReference; lastKnownFileType = text.plist.xml; path = Info.plist; sourceTree = "<group>"; };
/* End PBXFileReference section */

/* Begin PBXFrameworksBuildPhase section */
		6BFBF9CB2315BD0400373913 /* Frameworks */ = {
			isa = PBXFrameworksBuildPhase;
			buildActionMask = 2147483647;
			files = (
			);
			runOnlyForDeploymentPostprocessing = 0;
		};
		6BFBF9E12315BD0600373913 /* Frameworks */ = {
			isa = PBXFrameworksBuildPhase;
			buildActionMask = 2147483647;
			files = (
			);
			runOnlyForDeploymentPostprocessing = 0;
		};
		6BFBF9EC2315BD0600373913 /* Frameworks */ = {
			isa = PBXFrameworksBuildPhase;
			buildActionMask = 2147483647;
			files = (
			);
			runOnlyForDeploymentPostprocessing = 0;
		};
/* End PBXFrameworksBuildPhase section */

/* Begin PBXGroup section */
		6BFBF9C52315BD0400373913 = {
			isa = PBXGroup;
			children = (
				6BFBF9D02315BD0400373913 /* osa_tracker */,
				6BFBF9E72315BD0600373913 /* osa_trackerTests */,
				6BFBF9F22315BD0600373913 /* osa_trackerUITests */,
				6BFBF9CF2315BD0400373913 /* Products */,
			);
			sourceTree = "<group>";
		};
		6BFBF9CF2315BD0400373913 /* Products */ = {
			isa = PBXGroup;
			children = (
				6BFBF9CE2315BD0400373913 /* osa_tracker.app */,
				6BFBF9E42315BD0600373913 /* osa_trackerTests.xctest */,
				6BFBF9EF2315BD0600373913 /* osa_trackerUITests.xctest */,
			);
			name = Products;
			sourceTree = "<group>";
		};
		6BFBF9D02315BD0400373913 /* osa_tracker */ = {
			isa = PBXGroup;
			children = (
				6BFBF9D12315BD0400373913 /* AppDelegate.swift */,
				6BFBF9D32315BD0400373913 /* SceneDelegate.swift */,
				6BFBF9D52315BD0400373913 /* ContentView.swift */,
				6BFBF9D72315BD0600373913 /* Assets.xcassets */,
				6BFBF9DC2315BD0600373913 /* LaunchScreen.storyboard */,
				6BFBF9DF2315BD0600373913 /* Info.plist */,
				6BFBF9D92315BD0600373913 /* Preview Content */,
			);
			path = osa_tracker;
			sourceTree = "<group>";
		};
		6BFBF9D92315BD0600373913 /* Preview Content */ = {
			isa = PBXGroup;
			children = (
				6BFBF9DA2315BD0600373913 /* Preview Assets.xcassets */,
			);
			path = "Preview Content";
			sourceTree = "<group>";
		};
		6BFBF9E72315BD0600373913 /* osa_trackerTests */ = {
			isa = PBXGroup;
			children = (
				6BFBF9E82315BD0600373913 /* osa_trackerTests.swift */,
				6BFBF9EA2315BD0600373913 /* Info.plist */,
			);
			path = osa_trackerTests;
			sourceTree = "<group>";
		};
		6BFBF9F22315BD0600373913 /* osa_trackerUITests */ = {
			isa = PBXGroup;
			children = (
				6BFBF9F32315BD0600373913 /* osa_trackerUITests.swift */,
				6BFBF9F52315BD0600373913 /* Info.plist */,
			);
			path = osa_trackerUITests;
			sourceTree = "<group>";
		};
/* End PBXGroup section */

/* Begin PBXNativeTarget section */
		6BFBF9CD2315BD0400373913 /* osa_tracker */ = {
			isa = PBXNativeTarget;
			buildConfigurationList = 6BFBF9F82315BD0600373913 /* Build configuration list for PBXNativeTarget "osa_tracker" */;
			buildPhases = (
				6BFBF9CA2315BD0400373913 /* Sources */,
				6BFBF9CB2315BD0400373913 /* Frameworks */,
				6BFBF9CC2315BD0400373913 /* Resources */,
			);
			buildRules = (
			);
			dependencies = (
			);
			name = osa_tracker;
			productName = osa_tracker;
			productReference = 6BFBF9CE2315BD0400373913 /* osa_tracker.app */;
			productType = "com.apple.product-type.application";
		};
		6BFBF9E32315BD0600373913 /* osa_trackerTests */ = {
			isa = PBXNativeTarget;
			buildConfigurationList = 6BFBF9FB2315BD0600373913 /* Build configuration list for PBXNativeTarget "osa_trackerTests" */;
			buildPhases = (
				6BFBF9E02315BD0600373913 /* Sources */,
				6BFBF9E12315BD0600373913 /* Frameworks */,
				6BFBF9E22315BD0600373913 /* Resources */,
			);
			buildRules = (
			);
			dependencies = (
				6BFBF9E62315BD0600373913 /* PBXTargetDependency */,
			);
			name = osa_trackerTests;
			productName = osa_trackerTests;
			productReference = 6BFBF9E42315BD0600373913 /* osa_trackerTests.xctest */;
			productType = "com.apple.product-type.bundle.unit-test";
		};
		6BFBF9EE2315BD0600373913 /* osa_trackerUITests */ = {
			isa = PBXNativeTarget;
			buildConfigurationList = 6BFBF9FE2315BD0600373913 /* Build configuration list for PBXNativeTarget "osa_trackerUITests" */;
			buildPhases = (
				6BFBF9EB2315BD0600373913 /* Sources */,
				6BFBF9EC2315BD0600373913 /* Frameworks */,
				6BFBF9ED2315BD0600373913 /* Resources */,
			);
			buildRules = (
			);
			dependencies = (
				6BFBF9F12315BD0600373913 /* PBXTargetDependency */,
			);
			name = osa_trackerUITests;
			productName = osa_trackerUITests;
			productReference = 6BFBF9EF2315BD0600373913 /* osa_trackerUITests.xctest */;
			productType = "com.apple.product-type.bundle.ui-testing";
		};
/* End PBXNativeTarget section */

/* Begin PBXProject section */
		6BFBF9C62315BD0400373913 /* Project object */ = {
			isa = PBXProject;
			attributes = {
				LastSwiftUpdateCheck = 1100;
				LastUpgradeCheck = 1100;
				ORGANIZATIONNAME = "Haakon W Hoel Bakker";
				TargetAttributes = {
					6BFBF9CD2315BD0400373913 = {
						CreatedOnToolsVersion = 11.0;
					};
					6BFBF9E32315BD0600373913 = {
						CreatedOnToolsVersion = 11.0;
						TestTargetID = 6BFBF9CD2315BD0400373913;
					};
					6BFBF9EE2315BD0600373913 = {
						CreatedOnToolsVersion = 11.0;
						TestTargetID = 6BFBF9CD2315BD0400373913;
					};
				};
			};
			buildConfigurationList = 6BFBF9C92315BD0400373913 /* Build configuration list for PBXProject "osa_tracker" */;
			compatibilityVersion = "Xcode 9.3";
			developmentRegion = en;
			hasScannedForEncodings = 0;
			knownRegions = (
				en,
				Base,
			);
			mainGroup = 6BFBF9C52315BD0400373913;
			productRefGroup = 6BFBF9CF2315BD0400373913 /* Products */;
			projectDirPath = "";
			projectRoot = "";
			targets = (
				6BFBF9CD2315BD0400373913 /* osa_tracker */,
				6BFBF9E32315BD0600373913 /* osa_trackerTests */,
				6BFBF9EE2315BD0600373913 /* osa_trackerUITests */,
			);
		};
/* End PBXProject section */

/* Begin PBXResourcesBuildPhase section */
		6BFBF9CC2315BD0400373913 /* Resources */ = {
			isa = PBXResourcesBuildPhase;
			buildActionMask = 2147483647;
			files = (
				6BFBF9DE2315BD0600373913 /* LaunchScreen.storyboard in Resources */,
				6BFBF9DB2315BD0600373913 /* Preview Assets.xcassets in Resources */,
				6BFBF9D82315BD0600373913 /* Assets.xcassets in Resources */,
			);
			runOnlyForDeploymentPostprocessing = 0;
		};
		6BFBF9E22315BD0600373913 /* Resources */ = {
			isa = PBXResourcesBuildPhase;
			buildActionMask = 2147483647;
			files = (
			);
			runOnlyForDeploymentPostprocessing = 0;
		};
		6BFBF9ED2315BD0600373913 /* Resources */ = {
			isa = PBXResourcesBuildPhase;
			buildActionMask = 2147483647;
			files = (
			);
			runOnlyForDeploymentPostprocessing = 0;
		};
/* End PBXResourcesBuildPhase section */

/* Begin PBXSourcesBuildPhase section */
		6BFBF9CA2315BD0400373913 /* Sources */ = {
			isa = PBXSourcesBuildPhase;
			buildActionMask = 2147483647;
			files = (
				6BFBF9D22315BD0400373913 /* AppDelegate.swift in Sources */,
				6BFBF9D42315BD0400373913 /* SceneDelegate.swift in Sources */,
				6BFBF9D62315BD0400373913 /* ContentView.swift in Sources */,
			);
			runOnlyForDeploymentPostprocessing = 0;
		};
		6BFBF9E02315BD0600373913 /* Sources */ = {
			isa = PBXSourcesBuildPhase;
			buildActionMask = 2147483647;
			files = (
				6BFBF9E92315BD0600373913 /* osa_trackerTests.swift in Sources */,
			);
			runOnlyForDeploymentPostprocessing = 0;
		};
		6BFBF9EB2315BD0600373913 /* Sources */ = {
			isa = PBXSourcesBuildPhase;
			buildActionMask = 2147483647;
			files = (
				6BFBF9F42315BD0600373913 /* osa_trackerUITests.swift in Sources */,
			);
			runOnlyForDeploymentPostprocessing = 0;
		};
/* End PBXSourcesBuildPhase section */

/* Begin PBXTargetDependency section */
		6BFBF9E62315BD0600373913 /* PBXTargetDependency */ = {
			isa = PBXTargetDependency;
			target = 6BFBF9CD2315BD0400373913 /* osa_tracker */;
			targetProxy = 6BFBF9E52315BD0600373913 /* PBXContainerItemProxy */;
		};
		6BFBF9F12315BD0600373913 /* PBXTargetDependency */ = {
			isa = PBXTargetDependency;
			target = 6BFBF9CD2315BD0400373913 /* osa_tracker */;
			targetProxy = 6BFBF9F02315BD0600373913 /* PBXContainerItemProxy */;
		};
/* End PBXTargetDependency section */

/* Begin PBXVariantGroup section */
		6BFBF9DC2315BD0600373913 /* LaunchScreen.storyboard */ = {
			isa = PBXVariantGroup;
			children = (
				6BFBF9DD2315BD0600373913 /* Base */,
			);
			name = LaunchScreen.storyboard;
			sourceTree = "<group>";
		};
/* End PBXVariantGroup section */

/* Begin XCBuildConfiguration section */
		6BFBF9F62315BD0600373913 /* Debug */ = {
			isa = XCBuildConfiguration;
			buildSettings = {
				ALWAYS_SEARCH_USER_PATHS = NO;
				CLANG_ANALYZER_NONNULL = YES;
				CLANG_ANALYZER_NUMBER_OBJECT_CONVERSION = YES_AGGRESSIVE;
				CLANG_CXX_LANGUAGE_STANDARD = "gnu++14";
				CLANG_CXX_LIBRARY = "libc++";
				CLANG_ENABLE_MODULES = YES;
				CLANG_ENABLE_OBJC_ARC = YES;
				CLANG_ENABLE_OBJC_WEAK = YES;
				CLANG_WARN_BLOCK_CAPTURE_AUTORELEASING = YES;
				CLANG_WARN_BOOL_CONVERSION = YES;
				CLANG_WARN_COMMA = YES;
				CLANG_WARN_CONSTANT_CONVERSION = YES;
				CLANG_WARN_DEPRECATED_OBJC_IMPLEMENTATIONS = YES;
				CLANG_WARN_DIRECT_OBJC_ISA_USAGE = YES_ERROR;
				CLANG_WARN_DOCUMENTATION_COMMENTS = YES;
				CLANG_WARN_EMPTY_BODY = YES;
				CLANG_WARN_ENUM_CONVERSION = YES;
				CLANG_WARN_INFINITE_RECURSION = YES;
				CLANG_WARN_INT_CONVERSION = YES;
				CLANG_WARN_NON_LITERAL_NULL_CONVERSION = YES;
				CLANG_WARN_OBJC_IMPLICIT_RETAIN_SELF = YES;
				CLANG_WARN_OBJC_LITERAL_CONVERSION = YES;
				CLANG_WARN_OBJC_ROOT_CLASS = YES_ERROR;
				CLANG_WARN_RANGE_LOOP_ANALYSIS = YES;
				CLANG_WARN_STRICT_PROTOTYPES = YES;
				CLANG_WARN_SUSPICIOUS_MOVE = YES;
				CLANG_WARN_UNGUARDED_AVAILABILITY = YES_AGGRESSIVE;
				CLANG_WARN_UNREACHABLE_CODE = YES;
				CLANG_WARN__DUPLICATE_METHOD_MATCH = YES;
				COPY_PHASE_STRIP = NO;
				DEBUG_INFORMATION_FORMAT = dwarf;
				ENABLE_STRICT_OBJC_MSGSEND = YES;
				ENABLE_TESTABILITY = YES;
				GCC_C_LANGUAGE_STANDARD = gnu11;
				GCC_DYNAMIC_NO_PIC = NO;
				GCC_NO_COMMON_BLOCKS = YES;
				GCC_OPTIMIZATION_LEVEL = 0;
				GCC_PREPROCESSOR_DEFINITIONS = (
					"DEBUG=1",
					"$(inherited)",
				);
				GCC_WARN_64_TO_32_BIT_CONVERSION = YES;
				GCC_WARN_ABOUT_RETURN_TYPE = YES_ERROR;
				GCC_WARN_UNDECLARED_SELECTOR = YES;
				GCC_WARN_UNINITIALIZED_AUTOS = YES_AGGRESSIVE;
				GCC_WARN_UNUSED_FUNCTION = YES;
				GCC_WARN_UNUSED_VARIABLE = YES;
				IPHONEOS_DEPLOYMENT_TARGET = 13.0;
				MTL_ENABLE_DEBUG_INFO = INCLUDE_SOURCE;
				MTL_FAST_MATH = YES;
				ONLY_ACTIVE_ARCH = YES;
				SDKROOT = iphoneos;
				SWIFT_ACTIVE_COMPILATION_CONDITIONS = DEBUG;
				SWIFT_OPTIMIZATION_LEVEL = "-Onone";
			};
			name = Debug;
		};
		6BFBF9F72315BD0600373913 /* Release */ = {
			isa = XCBuildConfiguration;
			buildSettings = {
				ALWAYS_SEARCH_USER_PATHS = NO;
				CLANG_ANALYZER_NONNULL = YES;
				CLANG_ANALYZER_NUMBER_OBJECT_CONVERSION = YES_AGGRESSIVE;
				CLANG_CXX_LANGUAGE_STANDARD = "gnu++14";
				CLANG_CXX_LIBRARY = "libc++";
				CLANG_ENABLE_MODULES = YES;
				CLANG_ENABLE_OBJC_ARC = YES;
				CLANG_ENABLE_OBJC_WEAK = YES;
				CLANG_WARN_BLOCK_CAPTURE_AUTORELEASING = YES;
				CLANG_WARN_BOOL_CONVERSION = YES;
				CLANG_WARN_COMMA = YES;
				CLANG_WARN_CONSTANT_CONVERSION = YES;
				CLANG_WARN_DEPRECATED_OBJC_IMPLEMENTATIONS = YES;
				CLANG_WARN_DIRECT_OBJC_ISA_USAGE = YES_ERROR;
				CLANG_WARN_DOCUMENTATION_COMMENTS = YES;
				CLANG_WARN_EMPTY_BODY = YES;
				CLANG_WARN_ENUM_CONVERSION = YES;
				CLANG_WARN_INFINITE_RECURSION = YES;
				CLANG_WARN_INT_CONVERSION = YES;
				CLANG_WARN_NON_LITERAL_NULL_CONVERSION = YES;
				CLANG_WARN_OBJC_IMPLICIT_RETAIN_SELF = YES;
				CLANG_WARN_OBJC_LITERAL_CONVERSION = YES;
				CLANG_WARN_OBJC_ROOT_CLASS = YES_ERROR;
				CLANG_WARN_RANGE_LOOP_ANALYSIS = YES;
				CLANG_WARN_STRICT_PROTOTYPES = YES;
				CLANG_WARN_SUSPICIOUS_MOVE = YES;
				CLANG_WARN_UNGUARDED_AVAILABILITY = YES_AGGRESSIVE;
				CLANG_WARN_UNREACHABLE_CODE = YES;
				CLANG_WARN__DUPLICATE_METHOD_MATCH = YES;
				COPY_PHASE_STRIP = NO;
				DEBUG_INFORMATION_FORMAT = "dwarf-with-dsym";
				ENABLE_NS_ASSERTIONS = NO;
				ENABLE_STRICT_OBJC_MSGSEND = YES;
				GCC_C_LANGUAGE_STANDARD = gnu11;
				GCC_NO_COMMON_BLOCKS = YES;
				GCC_WARN_64_TO_32_BIT_CONVERSION = YES;
				GCC_WARN_ABOUT_RETURN_TYPE = YES_ERROR;
				GCC_WARN_UNDECLARED_SELECTOR = YES;
				GCC_WARN_UNINITIALIZED_AUTOS = YES_AGGRESSIVE;
				GCC_WARN_UNUSED_FUNCTION = YES;
				GCC_WARN_UNUSED_VARIABLE = YES;
				IPHONEOS_DEPLOYMENT_TARGET = 13.0;
				MTL_ENABLE_DEBUG_INFO = NO;
				MTL_FAST_MATH = YES;
				SDKROOT = iphoneos;
				SWIFT_COMPILATION_MODE = wholemodule;
				SWIFT_OPTIMIZATION_LEVEL = "-O";
				VALIDATE_PRODUCT = YES;
			};
			name = Release;
		};
		6BFBF9F92315BD0600373913 /* Debug */ = {
			isa = XCBuildConfiguration;
			buildSettings = {
				ASSETCATALOG_COMPILER_APPICON_NAME = AppIcon;
				CODE_SIGN_STYLE = Automatic;
				DEVELOPMENT_ASSET_PATHS = "\"osa_tracker/Preview Content\"";
				DEVELOPMENT_TEAM = 4SJ5BPZ2QK;
				ENABLE_PREVIEWS = YES;
				INFOPLIST_FILE = osa_tracker/Info.plist;
				LD_RUNPATH_SEARCH_PATHS = (
					"$(inherited)",
					"@executable_path/Frameworks",
				);
				PRODUCT_BUNDLE_IDENTIFIER = "com.bakkertechnologies.osa-tracker";
				PRODUCT_NAME = "$(TARGET_NAME)";
				SWIFT_VERSION = 5.0;
				TARGETED_DEVICE_FAMILY = "1,2";
			};
			name = Debug;
		};
		6BFBF9FA2315BD0600373913 /* Release */ = {
			isa = XCBuildConfiguration;
			buildSettings = {
				ASSETCATALOG_COMPILER_APPICON_NAME = AppIcon;
				CODE_SIGN_STYLE = Automatic;
				DEVELOPMENT_ASSET_PATHS = "\"osa_tracker/Preview Content\"";
				DEVELOPMENT_TEAM = 4SJ5BPZ2QK;
				ENABLE_PREVIEWS = YES;
				INFOPLIST_FILE = osa_tracker/Info.plist;
				LD_RUNPATH_SEARCH_PATHS = (
					"$(inherited)",
					"@executable_path/Frameworks",
				);
				PRODUCT_BUNDLE_IDENTIFIER = "com.bakkertechnologies.osa-tracker";
				PRODUCT_NAME = "$(TARGET_NAME)";
				SWIFT_VERSION = 5.0;
				TARGETED_DEVICE_FAMILY = "1,2";
			};
			name = Release;
		};
		6BFBF9FC2315BD0600373913 /* Debug */ = {
			isa = XCBuildConfiguration;
			buildSettings = {
				ALWAYS_EMBED_SWIFT_STANDARD_LIBRARIES = YES;
				BUNDLE_LOADER = "$(TEST_HOST)";
				CODE_SIGN_STYLE = Automatic;
				DEVELOPMENT_TEAM = 4SJ5BPZ2QK;
				INFOPLIST_FILE = osa_trackerTests/Info.plist;
				IPHONEOS_DEPLOYMENT_TARGET = 13.0;
				LD_RUNPATH_SEARCH_PATHS = (
					"$(inherited)",
					"@executable_path/Frameworks",
					"@loader_path/Frameworks",
				);
				PRODUCT_BUNDLE_IDENTIFIER = "com.bakkertechnologies.osa-trackerTests";
				PRODUCT_NAME = "$(TARGET_NAME)";
				SWIFT_VERSION = 5.0;
				TARGETED_DEVICE_FAMILY = "1,2";
				TEST_HOST = "$(BUILT_PRODUCTS_DIR)/osa_tracker.app/osa_tracker";
			};
			name = Debug;
		};
		6BFBF9FD2315BD0600373913 /* Release */ = {
			isa = XCBuildConfiguration;
			buildSettings = {
				ALWAYS_EMBED_SWIFT_STANDARD_LIBRARIES = YES;
				BUNDLE_LOADER = "$(TEST_HOST)";
				CODE_SIGN_STYLE = Automatic;
				DEVELOPMENT_TEAM = 4SJ5BPZ2QK;
				INFOPLIST_FILE = osa_trackerTests/Info.plist;
				IPHONEOS_DEPLOYMENT_TARGET = 13.0;
				LD_RUNPATH_SEARCH_PATHS = (
					"$(inherited)",
					"@executable_path/Frameworks",
					"@loader_path/Frameworks",
				);
				PRODUCT_BUNDLE_IDENTIFIER = "com.bakkertechnologies.osa-trackerTests";
				PRODUCT_NAME = "$(TARGET_NAME)";
				SWIFT_VERSION = 5.0;
				TARGETED_DEVICE_FAMILY = "1,2";
				TEST_HOST = "$(BUILT_PRODUCTS_DIR)/osa_tracker.app/osa_tracker";
			};
			name = Release;
		};
		6BFBF9FF2315BD0600373913 /* Debug */ = {
			isa = XCBuildConfiguration;
			buildSettings = {
				ALWAYS_EMBED_SWIFT_STANDARD_LIBRARIES = YES;
				CODE_SIGN_STYLE = Automatic;
				DEVELOPMENT_TEAM = 4SJ5BPZ2QK;
				INFOPLIST_FILE = osa_trackerUITests/Info.plist;
				LD_RUNPATH_SEARCH_PATHS = (
					"$(inherited)",
					"@executable_path/Frameworks",
					"@loader_path/Frameworks",
				);
				PRODUCT_BUNDLE_IDENTIFIER = "com.bakkertechnologies.osa-trackerUITests";
				PRODUCT_NAME = "$(TARGET_NAME)";
				SWIFT_VERSION = 5.0;
				TARGETED_DEVICE_FAMILY = "1,2";
				TEST_TARGET_NAME = osa_tracker;
			};
			name = Debug;
		};
		6BFBFA002315BD0600373913 /* Release */ = {
			isa = XCBuildConfiguration;
			buildSettings = {
				ALWAYS_EMBED_SWIFT_STANDARD_LIBRARIES = YES;
				CODE_SIGN_STYLE = Automatic;
				DEVELOPMENT_TEAM = 4SJ5BPZ2QK;
				INFOPLIST_FILE = osa_trackerUITests/Info.plist;
				LD_RUNPATH_SEARCH_PATHS = (
					"$(inherited)",
					"@executable_path/Frameworks",
					"@loader_path/Frameworks",
				);
				PRODUCT_BUNDLE_IDENTIFIER = "com.bakkertechnologies.osa-trackerUITests";
				PRODUCT_NAME = "$(TARGET_NAME)";
				SWIFT_VERSION = 5.0;
				TARGETED_DEVICE_FAMILY = "1,2";
				TEST_TARGET_NAME = osa_tracker;
			};
			name = Release;
		};
/* End XCBuildConfiguration section */

/* Begin XCConfigurationList section */
		6BFBF9C92315BD0400373913 /* Build configuration list for PBXProject "osa_tracker" */ = {
			isa = XCConfigurationList;
			buildConfigurations = (
				6BFBF9F62315BD0600373913 /* Debug */,
				6BFBF9F72315BD0600373913 /* Release */,
			);
			defaultConfigurationIsVisible = 0;
			defaultConfigurationName = Release;
		};
		6BFBF9F82315BD0600373913 /* Build configuration list for PBXNativeTarget "osa_tracker" */ = {
			isa = XCConfigurationList;
			buildConfigurations = (
				6BFBF9F92315BD0600373913 /* Debug */,
				6BFBF9FA2315BD0600373913 /* Release */,
			);
			defaultConfigurationIsVisible = 0;
			defaultConfigurationName = Release;
		};
		6BFBF9FB2315BD0600373913 /* Build configuration list for PBXNativeTarget "osa_trackerTests" */ = {
			isa = XCConfigurationList;
			buildConfigurations = (
				6BFBF9FC2315BD0600373913 /* Debug */,
				6BFBF9FD2315BD0600373913 /* Release */,
			);
			defaultConfigurationIsVisible = 0;
			defaultConfigurationName = Release;
		};
		6BFBF9FE2315BD0600373913 /* Build configuration list for PBXNativeTarget "osa_trackerUITests" */ = {
			isa = XCConfigurationList;
			buildConfigurations = (
				6BFBF9FF2315BD0600373913 /* Debug */,
				6BFBFA002315BD0600373913 /* Release */,
			);
			defaultConfigurationIsVisible = 0;
			defaultConfigurationName = Release;
		};
/* End XCConfigurationList section */
	};
	rootObject = 6BFBF9C62315BD0400373913 /* Project object */;
}
